<?xml version="1.0" encoding="UTF-8"?>
<!DOCTYPE plist PUBLIC "-//Apple//DTD PLIST 1.0//EN" "http://www.apple.com/DTDs/PropertyList-1.0.dtd">
<plist version="1.0">
<dict>
	<key>archiveVersion</key>
	<string>1</string>
	<key>classes</key>
	<dict/>
	<key>objectVersion</key>
	<string>46</string>
	<key>objects</key>
	<dict>
		<key>04D44D21A3951BEB8C912EA9</key>
		<dict>
			<key>children</key>
			<array>
				<string>9729474E897AE48AD90FF680</string>
				<string>799A47249393A67C7EDB167F</string>
				<string>029849BFA66E7E8B696F5958</string>
				<string>3227485083C6B9ED6EDE1E5A</string>
				<string>0E514DFB86EDB1189DC1D02D</string>
			</array>
			<key>isa</key>
			<string>PBXGroup</string>
			<key>name</key>
			<string>Sources</string>
			<key>sourceTree</key>
			<string>&lt;group&gt;</string>
		</dict>
		<key>389449F995A8B8FE58C7D338</key>
		<dict>
			<key>children</key>
			<array>
				<string>9F8D4655968130CB2E9507DB</string>
				<string>B230478FAE0B1C1907E5D99D</string>
				<string>6B0A4EBBAA503A86AD4D02E0</string>
				<string>D7DE478DB7A9D2C04ECD4B79</string>
				<string>1524454A9141FAE5E3BC1BCA</string>
				<string>EA6341879C64ED200B131ED7</string>
				<string>5D644ECFB6C3FE39D4671C90</string>
				<string>91D94EDAB9A16596B8DE1833</string>
				<string>1C414D1495F65EC873E98610</string>
				<string>AAE844AF86C56E56977E3110</string>
				<string>5F6E4062AFAC6F6456A9E9CB</string>
			</array>
			<key>isa</key>
			<string>PBXGroup</string>
			<key>name</key>
			<string>Classes</string>
			<key>sourceTree</key>
			<string>&lt;group&gt;</string>
		</dict>
		<key>54A14CA18245047B30E6B9B5</key>
		<dict>
			<key>fileRef</key>
			<string>1524454A9141FAE5E3BC1BCA</string>
			<key>isa</key>
			<string>PBXBuildFile</string>
		</dict>
		<key>6B0A4EBBAA503A86AD4D02E0</key>
		<dict>
			<key>isa</key>
			<string>PBXFileReference</string>
			<key>lastKnownFileType</key>
			<string>sourcecode.c.objc</string>
			<key>name</key>
			<string>_Users_richard_Development_www_cappuccino_RLoginCompleter_AppController.m</string>
			<key>path</key>
			<string>.XcodeSupport/_Users_richard_Development_www_cappuccino_RLoginCompleter_AppController.m</string>
			<key>sourceTree</key>
			<string>SOURCE_ROOT</string>
		</dict>
		<key>7E004A8E9866EC88AA2A533F</key>
		<dict>
			<key>fileRef</key>
			<string>5F6E4062AFAC6F6456A9E9CB</string>
			<key>isa</key>
			<string>PBXBuildFile</string>
		</dict>
		<key>9729474E897AE48AD90FF680</key>
		<dict>
			<key>isa</key>
			<string>PBXFileReference</string>
			<key>lastKnownFileType</key>
			<string>?</string>
			<key>name</key>
			<string>AppController.j</string>
			<key>path</key>
			<string>AppController.j</string>
			<key>sourceTree</key>
			<string>SOURCE_ROOT</string>
		</dict>
		<key>983B47FCAF206064875D80DA</key>
		<dict>
			<key>fileRef</key>
			<string>6B0A4EBBAA503A86AD4D02E0</string>
			<key>isa</key>
			<string>PBXBuildFile</string>
		</dict>
		<key>9EEC4488135749D200615446</key>
		<dict>
			<key>children</key>
			<array>
				<string>9EEC44CB13574A0B00615446</string>
				<string>9EEC4496135749D200615446</string>
				<string>389449F995A8B8FE58C7D338</string>
				<string>04D44D21A3951BEB8C912EA9</string>
			</array>
			<key>isa</key>
			<string>PBXGroup</string>
			<key>sourceTree</key>
			<string>&lt;group&gt;</string>
		</dict>
		<key>9EEC448A135749D200615446</key>
		<dict>
			<key>attributes</key>
			<dict>
				<key>LastUpgradeCheck</key>
				<string>0440</string>
				<key>ORGANIZATIONNAME</key>
				<string>280 North, Inc.</string>
			</dict>
			<key>buildConfigurationList</key>
			<string>9EEC448D135749D200615446</string>
			<key>compatibilityVersion</key>
			<string>Xcode 3.2</string>
			<key>developmentRegion</key>
			<string>English</string>
			<key>hasScannedForEncodings</key>
			<string>0</string>
			<key>isa</key>
			<string>PBXProject</string>
			<key>knownRegions</key>
			<array>
				<string>en</string>
			</array>
			<key>mainGroup</key>
			<string>9EEC4488135749D200615446</string>
			<key>productRefGroup</key>
			<string>9EEC4494135749D200615446</string>
			<key>projectDirPath</key>
			<string></string>
			<key>projectRoot</key>
			<string></string>
			<key>targets</key>
			<array>
				<string>9EEC4492135749D200615446</string>
			</array>
		</dict>
		<key>9EEC448D135749D200615446</key>
		<dict>
			<key>buildConfigurations</key>
			<array>
				<string>9EEC44C3135749D300615446</string>
				<string>9EEC44C4135749D300615446</string>
			</array>
			<key>defaultConfigurationIsVisible</key>
			<string>0</string>
			<key>defaultConfigurationName</key>
			<string>Release</string>
			<key>isa</key>
			<string>XCConfigurationList</string>
		</dict>
		<key>9EEC448F135749D200615446</key>
		<dict>
			<key>buildActionMask</key>
			<string>2147483647</string>
			<key>files</key>
			<array>
				<string>983B47FCAF206064875D80DA</string>
				<string>54A14CA18245047B30E6B9B5</string>
				<string>C88C45B7B7A7DBB69EB6788D</string>
				<string>F6BF4684BB9451A3AB4CE416</string>
				<string>7E004A8E9866EC88AA2A533F</string>
			</array>
			<key>isa</key>
			<string>PBXSourcesBuildPhase</string>
			<key>runOnlyForDeploymentPostprocessing</key>
			<string>0</string>
		</dict>
		<key>9EEC4490135749D200615446</key>
		<dict>
			<key>buildActionMask</key>
			<string>2147483647</string>
			<key>files</key>
			<array>
				<string>9EEC4498135749D200615446</string>
			</array>
			<key>isa</key>
			<string>PBXFrameworksBuildPhase</string>
			<key>runOnlyForDeploymentPostprocessing</key>
			<string>0</string>
		</dict>
		<key>9EEC4491135749D200615446</key>
		<dict>
			<key>buildActionMask</key>
			<string>2147483647</string>
			<key>files</key>
			<array>
				<string>9EEC44CC13574A0B00615446</string>
			</array>
			<key>isa</key>
			<string>PBXResourcesBuildPhase</string>
			<key>runOnlyForDeploymentPostprocessing</key>
			<string>0</string>
		</dict>
		<key>9EEC4492135749D200615446</key>
		<dict>
			<key>buildConfigurationList</key>
			<string>9EEC44C5135749D300615446</string>
			<key>buildPhases</key>
			<array>
				<string>9EEC448F135749D200615446</string>
				<string>9EEC4490135749D200615446</string>
				<string>9EEC4491135749D200615446</string>
			</array>
			<key>buildRules</key>
			<array/>
			<key>dependencies</key>
			<array/>
			<key>isa</key>
			<string>PBXNativeTarget</string>
			<key>name</key>
			<string>Another</string>
			<key>productName</key>
			<string>Another</string>
			<key>productReference</key>
			<string>9EEC4493135749D200615446</string>
			<key>productType</key>
			<string>com.apple.product-type.application</string>
		</dict>
		<key>9EEC4493135749D200615446</key>
		<dict>
			<key>explicitFileType</key>
			<string>wrapper.application</string>
			<key>includeInIndex</key>
			<string>0</string>
			<key>isa</key>
			<string>PBXFileReference</string>
			<key>path</key>
			<string>Another.app</string>
			<key>sourceTree</key>
			<string>BUILT_PRODUCTS_DIR</string>
		</dict>
		<key>9EEC4494135749D200615446</key>
		<dict>
			<key>children</key>
			<array>
				<string>9EEC4493135749D200615446</string>
			</array>
			<key>isa</key>
			<string>PBXGroup</string>
			<key>name</key>
			<string>Products</string>
			<key>sourceTree</key>
			<string>&lt;group&gt;</string>
		</dict>
		<key>9EEC4496135749D200615446</key>
		<dict>
			<key>children</key>
			<array>
				<string>9EEC4497135749D200615446</string>
				<string>9EEC4499135749D300615446</string>
			</array>
			<key>isa</key>
			<string>PBXGroup</string>
			<key>name</key>
			<string>Frameworks</string>
			<key>sourceTree</key>
			<string>&lt;group&gt;</string>
		</dict>
		<key>9EEC4497135749D200615446</key>
		<dict>
			<key>isa</key>
			<string>PBXFileReference</string>
			<key>lastKnownFileType</key>
			<string>wrapper.framework</string>
			<key>name</key>
			<string>Cocoa.framework</string>
			<key>path</key>
			<string>System/Library/Frameworks/Cocoa.framework</string>
			<key>sourceTree</key>
			<string>SDKROOT</string>
		</dict>
		<key>9EEC4498135749D200615446</key>
		<dict>
			<key>fileRef</key>
			<string>9EEC4497135749D200615446</string>
			<key>isa</key>
			<string>PBXBuildFile</string>
		</dict>
		<key>9EEC4499135749D300615446</key>
		<dict>
			<key>children</key>
			<array>
				<string>9EEC449A135749D300615446</string>
				<string>9EEC449B135749D300615446</string>
				<string>9EEC449C135749D300615446</string>
			</array>
			<key>isa</key>
			<string>PBXGroup</string>
			<key>name</key>
			<string>Other Frameworks</string>
			<key>sourceTree</key>
			<string>&lt;group&gt;</string>
		</dict>
		<key>9EEC449A135749D300615446</key>
		<dict>
			<key>isa</key>
			<string>PBXFileReference</string>
			<key>lastKnownFileType</key>
			<string>wrapper.framework</string>
			<key>name</key>
			<string>AppKit.framework</string>
			<key>path</key>
			<string>System/Library/Frameworks/AppKit.framework</string>
			<key>sourceTree</key>
			<string>SDKROOT</string>
		</dict>
		<key>9EEC449B135749D300615446</key>
		<dict>
			<key>isa</key>
			<string>PBXFileReference</string>
			<key>lastKnownFileType</key>
			<string>wrapper.framework</string>
			<key>name</key>
			<string>CoreData.framework</string>
			<key>path</key>
			<string>System/Library/Frameworks/CoreData.framework</string>
			<key>sourceTree</key>
			<string>SDKROOT</string>
		</dict>
		<key>9EEC449C135749D300615446</key>
		<dict>
			<key>isa</key>
			<string>PBXFileReference</string>
			<key>lastKnownFileType</key>
			<string>wrapper.framework</string>
			<key>name</key>
			<string>Foundation.framework</string>
			<key>path</key>
			<string>System/Library/Frameworks/Foundation.framework</string>
			<key>sourceTree</key>
			<string>SDKROOT</string>
		</dict>
		<key>9EEC44C3135749D300615446</key>
		<dict>
			<key>buildSettings</key>
			<dict>
				<key>ARCHS</key>
				<string>$(ARCHS_STANDARD_32_64_BIT)</string>
				<key>GCC_C_LANGUAGE_STANDARD</key>
				<string>gnu99</string>
				<key>GCC_OPTIMIZATION_LEVEL</key>
				<string>0</string>
				<key>GCC_PREPROCESSOR_DEFINITIONS</key>
				<string>DEBUG</string>
				<key>GCC_SYMBOLS_PRIVATE_EXTERN</key>
				<string>NO</string>
				<key>GCC_VERSION</key>
				<string>com.apple.compilers.llvm.clang.1_0</string>
				<key>GCC_WARN_64_TO_32_BIT_CONVERSION</key>
				<string>YES</string>
				<key>GCC_WARN_ABOUT_RETURN_TYPE</key>
				<string>YES</string>
				<key>GCC_WARN_UNUSED_VARIABLE</key>
				<string>YES</string>
				<key>MACOSX_DEPLOYMENT_TARGET</key>
				<string>10.6</string>
				<key>ONLY_ACTIVE_ARCH</key>
				<string>YES</string>
				<key>SDKROOT</key>
				<string>macosx</string>
			</dict>
			<key>isa</key>
			<string>XCBuildConfiguration</string>
			<key>name</key>
			<string>Debug</string>
		</dict>
		<key>9EEC44C4135749D300615446</key>
		<dict>
			<key>buildSettings</key>
			<dict>
				<key>ARCHS</key>
				<string>$(ARCHS_STANDARD_32_64_BIT)</string>
				<key>GCC_C_LANGUAGE_STANDARD</key>
				<string>gnu99</string>
				<key>GCC_VERSION</key>
				<string>com.apple.compilers.llvm.clang.1_0</string>
				<key>GCC_WARN_64_TO_32_BIT_CONVERSION</key>
				<string>YES</string>
				<key>GCC_WARN_ABOUT_RETURN_TYPE</key>
				<string>YES</string>
				<key>GCC_WARN_UNUSED_VARIABLE</key>
				<string>YES</string>
				<key>MACOSX_DEPLOYMENT_TARGET</key>
				<string>10.6</string>
				<key>SDKROOT</key>
				<string>macosx</string>
			</dict>
			<key>isa</key>
			<string>XCBuildConfiguration</string>
			<key>name</key>
			<string>Release</string>
		</dict>
		<key>9EEC44C5135749D300615446</key>
		<dict>
			<key>buildConfigurations</key>
			<array>
				<string>9EEC44C6135749D300615446</string>
				<string>9EEC44C7135749D300615446</string>
			</array>
			<key>defaultConfigurationIsVisible</key>
			<string>0</string>
			<key>defaultConfigurationName</key>
			<string>Release</string>
			<key>isa</key>
			<string>XCConfigurationList</string>
		</dict>
		<key>9EEC44C6135749D300615446</key>
		<dict>
			<key>buildSettings</key>
			<dict>
				<key>ALWAYS_SEARCH_USER_PATHS</key>
				<string>NO</string>
				<key>COMBINE_HIDPI_IMAGES</key>
				<string>YES</string>
				<key>COPY_PHASE_STRIP</key>
				<string>NO</string>
				<key>GCC_DYNAMIC_NO_PIC</key>
				<string>NO</string>
				<key>GCC_ENABLE_OBJC_EXCEPTIONS</key>
				<string>YES</string>
				<key>GCC_PRECOMPILE_PREFIX_HEADER</key>
				<string>YES</string>
				<key>GCC_PREFIX_HEADER</key>
				<string>Another/Another-Prefix.pch</string>
				<key>INFOPLIST_FILE</key>
				<string>Another/Another-Info.plist</string>
				<key>PRODUCT_NAME</key>
				<string>$(TARGET_NAME)</string>
				<key>WRAPPER_EXTENSION</key>
				<string>app</string>
			</dict>
			<key>isa</key>
			<string>XCBuildConfiguration</string>
			<key>name</key>
			<string>Debug</string>
		</dict>
		<key>9EEC44C7135749D300615446</key>
		<dict>
			<key>buildSettings</key>
			<dict>
				<key>ALWAYS_SEARCH_USER_PATHS</key>
				<string>NO</string>
				<key>COMBINE_HIDPI_IMAGES</key>
				<string>YES</string>
				<key>COPY_PHASE_STRIP</key>
				<string>YES</string>
				<key>DEBUG_INFORMATION_FORMAT</key>
				<string>dwarf-with-dsym</string>
				<key>GCC_ENABLE_OBJC_EXCEPTIONS</key>
				<string>YES</string>
				<key>GCC_PRECOMPILE_PREFIX_HEADER</key>
				<string>YES</string>
				<key>GCC_PREFIX_HEADER</key>
				<string>Another/Another-Prefix.pch</string>
				<key>INFOPLIST_FILE</key>
				<string>Another/Another-Info.plist</string>
				<key>PRODUCT_NAME</key>
				<string>$(TARGET_NAME)</string>
				<key>WRAPPER_EXTENSION</key>
				<string>app</string>
			</dict>
			<key>isa</key>
			<string>XCBuildConfiguration</string>
			<key>name</key>
			<string>Release</string>
		</dict>
		<key>9EEC44CB13574A0B00615446</key>
		<dict>
			<key>isa</key>
			<string>PBXFileReference</string>
			<key>lastKnownFileType</key>
			<string>folder</string>
			<key>name</key>
			<string>CappuccinoResources</string>
			<key>path</key>
			<string>Resources</string>
			<key>sourceTree</key>
			<string>&lt;group&gt;</string>
		</dict>
		<key>9EEC44CC13574A0B00615446</key>
		<dict>
			<key>fileRef</key>
			<string>9EEC44CB13574A0B00615446</string>
			<key>isa</key>
			<string>PBXBuildFile</string>
		</dict>
		<key>9F8D4655968130CB2E9507DB</key>
		<dict>
			<key>isa</key>
			<string>PBXFileReference</string>
			<key>lastKnownFileType</key>
			<string>sourcecode.c.h</string>
			<key>name</key>
			<string>xcc_general_include.h</string>
			<key>path</key>
			<string>.XcodeSupport/xcc_general_include.h</string>
			<key>sourceTree</key>
			<string>SOURCE_ROOT</string>
		</dict>
		<key>B230478FAE0B1C1907E5D99D</key>
		<dict>
			<key>isa</key>
			<string>PBXFileReference</string>
			<key>lastKnownFileType</key>
			<string>sourcecode.c.h</string>
			<key>name</key>
			<string>_Users_richard_Development_www_cappuccino_RLoginCompleter_AppController.h</string>
			<key>path</key>
			<string>.XcodeSupport/_Users_richard_Development_www_cappuccino_RLoginCompleter_AppController.h</string>
			<key>sourceTree</key>
			<string>SOURCE_ROOT</string>
		</dict>
		<key>C88C45B7B7A7DBB69EB6788D</key>
		<dict>
			<key>fileRef</key>
			<string>5D644ECFB6C3FE39D4671C90</string>
			<key>isa</key>
			<string>PBXBuildFile</string>
		</dict>
		<key>F6BF4684BB9451A3AB4CE416</key>
		<dict>
			<key>fileRef</key>
			<string>1C414D1495F65EC873E98610</string>
			<key>isa</key>
			<string>PBXBuildFile</string>
		</dict>
	</dict>
	<key>rootObject</key>
	<string>9EEC448A135749D200615446</string>
</dict>
</plist>
